
Microsoft Visual Studio Solution File, Format Version 12.00
# Visual Studio 15
VisualStudioVersion = 15.0.27703.2026
MinimumVisualStudioVersion = 10.0.40219.1
Project("{FAE04EC0-301F-11D3-BF4B-00C04F79EFBC}") = "LibrarySystem", "LibraryService\LibrarySystem.csproj", "{9DEA2978-5995-475B-B6D7-519763DFE7B5}"
EndProject
Project("{FAE04EC0-301F-11D3-BF4B-00C04F79EFBC}") = "LibraryService.Data", "LibraryService.Data\LibraryService.Data.csproj", "{78665550-6FFC-4948-A929-959F39A22073}"
EndProject
Project("{FAE04EC0-301F-11D3-BF4B-00C04F79EFBC}") = "LibraryService.Services", "LibraryService.Services\LibraryService.Services.csproj", "{740ADB2E-0136-4137-B12C-F94E60ECC5A1}"
EndProject
Global
	GlobalSection(SolutionConfigurationPlatforms) = preSolution
		Debug|Any CPU = Debug|Any CPU
		Release|Any CPU = Release|Any CPU
	EndGlobalSection
	GlobalSection(ProjectConfigurationPlatforms) = postSolution
		{9DEA2978-5995-475B-B6D7-519763DFE7B5}.Debug|Any CPU.ActiveCfg = Debug|Any CPU
		{9DEA2978-5995-475B-B6D7-519763DFE7B5}.Debug|Any CPU.Build.0 = Debug|Any CPU
		{9DEA2978-5995-475B-B6D7-519763DFE7B5}.Release|Any CPU.ActiveCfg = Release|Any CPU
		{9DEA2978-5995-475B-B6D7-519763DFE7B5}.Release|Any CPU.Build.0 = Release|Any CPU
		{78665550-6FFC-4948-A929-959F39A22073}.Debug|Any CPU.ActiveCfg = Debug|Any CPU
		{78665550-6FFC-4948-A929-959F39A22073}.Debug|Any CPU.Build.0 = Debug|Any CPU
		{78665550-6FFC-4948-A929-959F39A22073}.Release|Any CPU.ActiveCfg = Release|Any CPU
		{78665550-6FFC-4948-A929-959F39A22073}.Release|Any CPU.Build.0 = Release|Any CPU
		{740ADB2E-0136-4137-B12C-F94E60ECC5A1}.Debug|Any CPU.ActiveCfg = Debug|Any CPU
		{740ADB2E-0136-4137-B12C-F94E60ECC5A1}.Debug|Any CPU.Build.0 = Debug|Any CPU
		{740ADB2E-0136-4137-B12C-F94E60ECC5A1}.Release|Any CPU.ActiveCfg = Release|Any CPU
		{740ADB2E-0136-4137-B12C-F94E60ECC5A1}.Release|Any CPU.Build.0 = Release|Any CPU
	EndGlobalSection
	GlobalSection(SolutionProperties) = preSolution
		HideSolutionNode = FALSE
	EndGlobalSection
	GlobalSection(ExtensibilityGlobals) = postSolution
		SolutionGuid = {4CFC0CD7-EBDE-4C43-BFFC-C5C8EE43FF17}
	EndGlobalSection
EndGlobal
